
Microsoft Visual Studio Solution File, Format Version 12.00
# Visual Studio Version 17
VisualStudioVersion = 17.12.35506.116
MinimumVisualStudioVersion = 10.0.40219.1
Project("{2150E333-8FDC-42A3-9474-1A3956D46DE8}") = "Services", "Services", "{7D1D751F-E4A2-4899-85FA-AA6DC5A21A0C}"
EndProject
Project("{2150E333-8FDC-42A3-9474-1A3956D46DE8}") = "Catalog", "Catalog", "{B1C878CD-CE6F-4109-83E4-B613149954C1}"
EndProject
Project("{FAE04EC0-301F-11D3-BF4B-00C04F79EFBC}") = "Microservices.Services.Catalog", "Services\Catalog\Microservices.Services.Catalog\Microservices.Services.Catalog.csproj", "{DBA28939-3B0E-47FB-BB0C-C0C496557177}"
EndProject
Project("{2150E333-8FDC-42A3-9474-1A3956D46DE8}") = "Solution Items", "Solution Items", "{A9A2172A-8328-4C13-8D90-C719AF8147D2}"
	ProjectSection(SolutionItems) = preProject
		Ports.txt = Ports.txt
	EndProjectSection
EndProject
Project("{2150E333-8FDC-42A3-9474-1A3956D46DE8}") = "Shared", "Shared", "{1579FE9D-294E-4D73-9016-3FED5336A03A}"
EndProject
Project("{FAE04EC0-301F-11D3-BF4B-00C04F79EFBC}") = "Microservice.Shared", "Shared\Microservice.Shared\Microservice.Shared.csproj", "{F0E9C675-93E4-46AC-84E7-8C4A0379B6DA}"
EndProject
Project("{2150E333-8FDC-42A3-9474-1A3956D46DE8}") = "IdentityServer", "IdentityServer", "{C9C57ECF-754A-4ABE-A365-B976C1F1697C}"
EndProject
Project("{FAE04EC0-301F-11D3-BF4B-00C04F79EFBC}") = "Microservices.IdentityServer", "IdentityServer\Microservices.IdentityServer\Microservices.IdentityServer.csproj", "{47C441B3-7429-47C2-983B-CA59B65A6195}"
EndProject
Project("{2150E333-8FDC-42A3-9474-1A3956D46DE8}") = "PhotoStock", "PhotoStock", "{C709AAC7-54B6-4CDD-BA85-EA725FEC795B}"
EndProject
Project("{FAE04EC0-301F-11D3-BF4B-00C04F79EFBC}") = "Microservices.Services.PhotoStock", "Services\PhotoStock\Microservices.Services.PhotoStock\Microservices.Services.PhotoStock.csproj", "{FB25995C-3A6B-422C-847A-2E72690BF694}"
EndProject
Project("{2150E333-8FDC-42A3-9474-1A3956D46DE8}") = "Basket", "Basket", "{8BF0301E-E37B-4E59-96BA-2CCEF9925B7E}"
EndProject
Project("{FAE04EC0-301F-11D3-BF4B-00C04F79EFBC}") = "Microservices.Services.Basket", "Services\Basket\Microservices.Services.Basket\Microservices.Services.Basket.csproj", "{71734E73-A8C7-4DA5-AEEB-FEA9501685E1}"
EndProject
Project("{2150E333-8FDC-42A3-9474-1A3956D46DE8}") = "Discount", "Discount", "{EA6C9F0B-05A3-4667-8318-F963EF9D5EE1}"
EndProject
Project("{FAE04EC0-301F-11D3-BF4B-00C04F79EFBC}") = "Microservices.Services.Discount", "Services\Discount\Microservices.Services.Discount\Microservices.Services.Discount.csproj", "{40349676-BD71-4FA0-9B38-42284206FDF6}"
EndProject
Project("{2150E333-8FDC-42A3-9474-1A3956D46DE8}") = "Order", "Order", "{DE5BC2FD-78FB-4A79-98C6-29E32CA71CF4}"
EndProject
Project("{FAE04EC0-301F-11D3-BF4B-00C04F79EFBC}") = "Microservices.Services.Order", "Services\Order\Microservices.Services.Order\Microservices.Services.Order.csproj", "{52B7E261-978F-4143-BE61-E4B011DCC17D}"
EndProject
Project("{FAE04EC0-301F-11D3-BF4B-00C04F79EFBC}") = "Microservices.Services.Order.Application", "Services\Order\Microservices.Services.Order.Application\Microservices.Services.Order.Application.csproj", "{6E7027D9-6C3D-44E4-B0FF-8D9F223344CF}"
EndProject
Project("{FAE04EC0-301F-11D3-BF4B-00C04F79EFBC}") = "Microservices.Services.Order.Domain", "Services\Order\Microservices.Services.Order.Domain\Microservices.Services.Order.Domain.csproj", "{753BEB59-D10A-4369-BB71-F48B08B970FB}"
EndProject
Project("{FAE04EC0-301F-11D3-BF4B-00C04F79EFBC}") = "Microservices.Services.Order.Domain.Core", "Services\Order\Microservices.Services.Order.Domain.Core\Microservices.Services.Order.Domain.Core.csproj", "{44C484BD-CB5F-4304-9921-CFE534A9D4DE}"
EndProject
Project("{FAE04EC0-301F-11D3-BF4B-00C04F79EFBC}") = "Microservices.Services.Order.Infrastructure", "Services\Order\Microservices.Services.Order.Infrastructure\Microservices.Services.Order.Infrastructure.csproj", "{20AEE151-0661-4CBC-9A01-9E5BA9C110FB}"
EndProject
Project("{2150E333-8FDC-42A3-9474-1A3956D46DE8}") = "FakePayment", "FakePayment", "{42E4F2E0-E9E0-495F-8264-8E970E7F9A37}"
EndProject
Project("{FAE04EC0-301F-11D3-BF4B-00C04F79EFBC}") = "Microservices.Services.FakePayment", "Services\FakePayment\Microservices.Services.FakePayment\Microservices.Services.FakePayment.csproj", "{F41E7143-FE07-4A83-B26B-E8BB9F03917B}"
EndProject
Project("{2150E333-8FDC-42A3-9474-1A3956D46DE8}") = "Gateways", "Gateways", "{FF2FBB6C-D0A5-40AA-AEDE-26C44BE32929}"
EndProject
Project("{FAE04EC0-301F-11D3-BF4B-00C04F79EFBC}") = "Microservices.Gateways", "Gateways\Microservices.Gateways\Microservices.Gateways.csproj", "{BF8D7460-38E3-4C3B-A78F-889988ED9402}"
EndProject
Global
	GlobalSection(SolutionConfigurationPlatforms) = preSolution
		Debug|Any CPU = Debug|Any CPU
		Release|Any CPU = Release|Any CPU
	EndGlobalSection
	GlobalSection(ProjectConfigurationPlatforms) = postSolution
		{DBA28939-3B0E-47FB-BB0C-C0C496557177}.Debug|Any CPU.ActiveCfg = Debug|Any CPU
		{DBA28939-3B0E-47FB-BB0C-C0C496557177}.Debug|Any CPU.Build.0 = Debug|Any CPU
		{DBA28939-3B0E-47FB-BB0C-C0C496557177}.Release|Any CPU.ActiveCfg = Release|Any CPU
		{DBA28939-3B0E-47FB-BB0C-C0C496557177}.Release|Any CPU.Build.0 = Release|Any CPU
		{F0E9C675-93E4-46AC-84E7-8C4A0379B6DA}.Debug|Any CPU.ActiveCfg = Debug|Any CPU
		{F0E9C675-93E4-46AC-84E7-8C4A0379B6DA}.Debug|Any CPU.Build.0 = Debug|Any CPU
		{F0E9C675-93E4-46AC-84E7-8C4A0379B6DA}.Release|Any CPU.ActiveCfg = Release|Any CPU
		{F0E9C675-93E4-46AC-84E7-8C4A0379B6DA}.Release|Any CPU.Build.0 = Release|Any CPU
		{47C441B3-7429-47C2-983B-CA59B65A6195}.Debug|Any CPU.ActiveCfg = Debug|Any CPU
		{47C441B3-7429-47C2-983B-CA59B65A6195}.Debug|Any CPU.Build.0 = Debug|Any CPU
		{47C441B3-7429-47C2-983B-CA59B65A6195}.Release|Any CPU.ActiveCfg = Release|Any CPU
		{47C441B3-7429-47C2-983B-CA59B65A6195}.Release|Any CPU.Build.0 = Release|Any CPU
		{FB25995C-3A6B-422C-847A-2E72690BF694}.Debug|Any CPU.ActiveCfg = Debug|Any CPU
		{FB25995C-3A6B-422C-847A-2E72690BF694}.Debug|Any CPU.Build.0 = Debug|Any CPU
		{FB25995C-3A6B-422C-847A-2E72690BF694}.Release|Any CPU.ActiveCfg = Release|Any CPU
		{FB25995C-3A6B-422C-847A-2E72690BF694}.Release|Any CPU.Build.0 = Release|Any CPU
		{71734E73-A8C7-4DA5-AEEB-FEA9501685E1}.Debug|Any CPU.ActiveCfg = Debug|Any CPU
		{71734E73-A8C7-4DA5-AEEB-FEA9501685E1}.Debug|Any CPU.Build.0 = Debug|Any CPU
		{71734E73-A8C7-4DA5-AEEB-FEA9501685E1}.Release|Any CPU.ActiveCfg = Release|Any CPU
		{71734E73-A8C7-4DA5-AEEB-FEA9501685E1}.Release|Any CPU.Build.0 = Release|Any CPU
		{40349676-BD71-4FA0-9B38-42284206FDF6}.Debug|Any CPU.ActiveCfg = Debug|Any CPU
		{40349676-BD71-4FA0-9B38-42284206FDF6}.Debug|Any CPU.Build.0 = Debug|Any CPU
		{40349676-BD71-4FA0-9B38-42284206FDF6}.Release|Any CPU.ActiveCfg = Release|Any CPU
		{40349676-BD71-4FA0-9B38-42284206FDF6}.Release|Any CPU.Build.0 = Release|Any CPU
		{52B7E261-978F-4143-BE61-E4B011DCC17D}.Debug|Any CPU.ActiveCfg = Debug|Any CPU
		{52B7E261-978F-4143-BE61-E4B011DCC17D}.Debug|Any CPU.Build.0 = Debug|Any CPU
		{52B7E261-978F-4143-BE61-E4B011DCC17D}.Release|Any CPU.ActiveCfg = Release|Any CPU
		{52B7E261-978F-4143-BE61-E4B011DCC17D}.Release|Any CPU.Build.0 = Release|Any CPU
		{6E7027D9-6C3D-44E4-B0FF-8D9F223344CF}.Debug|Any CPU.ActiveCfg = Debug|Any CPU
		{6E7027D9-6C3D-44E4-B0FF-8D9F223344CF}.Debug|Any CPU.Build.0 = Debug|Any CPU
		{6E7027D9-6C3D-44E4-B0FF-8D9F223344CF}.Release|Any CPU.ActiveCfg = Release|Any CPU
		{6E7027D9-6C3D-44E4-B0FF-8D9F223344CF}.Release|Any CPU.Build.0 = Release|Any CPU
		{753BEB59-D10A-4369-BB71-F48B08B970FB}.Debug|Any CPU.ActiveCfg = Debug|Any CPU
		{753BEB59-D10A-4369-BB71-F48B08B970FB}.Debug|Any CPU.Build.0 = Debug|Any CPU
		{753BEB59-D10A-4369-BB71-F48B08B970FB}.Release|Any CPU.ActiveCfg = Release|Any CPU
		{753BEB59-D10A-4369-BB71-F48B08B970FB}.Release|Any CPU.Build.0 = Release|Any CPU
		{44C484BD-CB5F-4304-9921-CFE534A9D4DE}.Debug|Any CPU.ActiveCfg = Debug|Any CPU
		{44C484BD-CB5F-4304-9921-CFE534A9D4DE}.Debug|Any CPU.Build.0 = Debug|Any CPU
		{44C484BD-CB5F-4304-9921-CFE534A9D4DE}.Release|Any CPU.ActiveCfg = Release|Any CPU
		{44C484BD-CB5F-4304-9921-CFE534A9D4DE}.Release|Any CPU.Build.0 = Release|Any CPU
		{20AEE151-0661-4CBC-9A01-9E5BA9C110FB}.Debug|Any CPU.ActiveCfg = Debug|Any CPU
		{20AEE151-0661-4CBC-9A01-9E5BA9C110FB}.Debug|Any CPU.Build.0 = Debug|Any CPU
		{20AEE151-0661-4CBC-9A01-9E5BA9C110FB}.Release|Any CPU.ActiveCfg = Release|Any CPU
		{20AEE151-0661-4CBC-9A01-9E5BA9C110FB}.Release|Any CPU.Build.0 = Release|Any CPU
		{F41E7143-FE07-4A83-B26B-E8BB9F03917B}.Debug|Any CPU.ActiveCfg = Debug|Any CPU
		{F41E7143-FE07-4A83-B26B-E8BB9F03917B}.Debug|Any CPU.Build.0 = Debug|Any CPU
		{F41E7143-FE07-4A83-B26B-E8BB9F03917B}.Release|Any CPU.ActiveCfg = Release|Any CPU
		{F41E7143-FE07-4A83-B26B-E8BB9F03917B}.Release|Any CPU.Build.0 = Release|Any CPU
		{BF8D7460-38E3-4C3B-A78F-889988ED9402}.Debug|Any CPU.ActiveCfg = Debug|Any CPU
		{BF8D7460-38E3-4C3B-A78F-889988ED9402}.Debug|Any CPU.Build.0 = Debug|Any CPU
		{BF8D7460-38E3-4C3B-A78F-889988ED9402}.Release|Any CPU.ActiveCfg = Release|Any CPU
		{BF8D7460-38E3-4C3B-A78F-889988ED9402}.Release|Any CPU.Build.0 = Release|Any CPU
	EndGlobalSection
	GlobalSection(SolutionProperties) = preSolution
		HideSolutionNode = FALSE
	EndGlobalSection
	GlobalSection(NestedProjects) = preSolution
		{B1C878CD-CE6F-4109-83E4-B613149954C1} = {7D1D751F-E4A2-4899-85FA-AA6DC5A21A0C}
		{DBA28939-3B0E-47FB-BB0C-C0C496557177} = {B1C878CD-CE6F-4109-83E4-B613149954C1}
		{F0E9C675-93E4-46AC-84E7-8C4A0379B6DA} = {1579FE9D-294E-4D73-9016-3FED5336A03A}
		{47C441B3-7429-47C2-983B-CA59B65A6195} = {C9C57ECF-754A-4ABE-A365-B976C1F1697C}
		{C709AAC7-54B6-4CDD-BA85-EA725FEC795B} = {7D1D751F-E4A2-4899-85FA-AA6DC5A21A0C}
		{FB25995C-3A6B-422C-847A-2E72690BF694} = {C709AAC7-54B6-4CDD-BA85-EA725FEC795B}
		{8BF0301E-E37B-4E59-96BA-2CCEF9925B7E} = {7D1D751F-E4A2-4899-85FA-AA6DC5A21A0C}
		{71734E73-A8C7-4DA5-AEEB-FEA9501685E1} = {8BF0301E-E37B-4E59-96BA-2CCEF9925B7E}
		{EA6C9F0B-05A3-4667-8318-F963EF9D5EE1} = {7D1D751F-E4A2-4899-85FA-AA6DC5A21A0C}
		{40349676-BD71-4FA0-9B38-42284206FDF6} = {EA6C9F0B-05A3-4667-8318-F963EF9D5EE1}
		{DE5BC2FD-78FB-4A79-98C6-29E32CA71CF4} = {7D1D751F-E4A2-4899-85FA-AA6DC5A21A0C}
		{52B7E261-978F-4143-BE61-E4B011DCC17D} = {DE5BC2FD-78FB-4A79-98C6-29E32CA71CF4}
		{6E7027D9-6C3D-44E4-B0FF-8D9F223344CF} = {DE5BC2FD-78FB-4A79-98C6-29E32CA71CF4}
		{753BEB59-D10A-4369-BB71-F48B08B970FB} = {DE5BC2FD-78FB-4A79-98C6-29E32CA71CF4}
		{44C484BD-CB5F-4304-9921-CFE534A9D4DE} = {DE5BC2FD-78FB-4A79-98C6-29E32CA71CF4}
		{20AEE151-0661-4CBC-9A01-9E5BA9C110FB} = {DE5BC2FD-78FB-4A79-98C6-29E32CA71CF4}
		{42E4F2E0-E9E0-495F-8264-8E970E7F9A37} = {7D1D751F-E4A2-4899-85FA-AA6DC5A21A0C}
		{F41E7143-FE07-4A83-B26B-E8BB9F03917B} = {42E4F2E0-E9E0-495F-8264-8E970E7F9A37}
		{BF8D7460-38E3-4C3B-A78F-889988ED9402} = {FF2FBB6C-D0A5-40AA-AEDE-26C44BE32929}
	EndGlobalSection
EndGlobal
